
Microsoft Visual Studio Solution File, Format Version 12.00
# Visual Studio Version 17
VisualStudioVersion = 17.2.32616.157
MinimumVisualStudioVersion = 10.0.40219.1
Project("{FAE04EC0-301F-11D3-BF4B-00C04F79EFBC}") = "QuanLyNhanVien", "QuanLyNhanVien\QuanLyNhanVien.csproj", "{899F80BD-94A6-4296-BF8F-7C972D6FF5E3}"
EndProject
Global
	GlobalSection(SolutionConfigurationPlatforms) = preSolution
		Debug|Any CPU = Debug|Any CPU
		Release|Any CPU = Release|Any CPU
	EndGlobalSection
	GlobalSection(ProjectConfigurationPlatforms) = postSolution
		{899F80BD-94A6-4296-BF8F-7C972D6FF5E3}.Debug|Any CPU.ActiveCfg = Debug|Any CPU
		{899F80BD-94A6-4296-BF8F-7C972D6FF5E3}.Debug|Any CPU.Build.0 = Debug|Any CPU
		{899F80BD-94A6-4296-BF8F-7C972D6FF5E3}.Release|Any CPU.ActiveCfg = Release|Any CPU
		{899F80BD-94A6-4296-BF8F-7C972D6FF5E3}.Release|Any CPU.Build.0 = Release|Any CPU
	EndGlobalSection
	GlobalSection(SolutionProperties) = preSolution
		HideSolutionNode = FALSE
	EndGlobalSection
	GlobalSection(ExtensibilityGlobals) = postSolution
		SolutionGuid = {A648F436-3AD9-4452-849A-67F95403EEE5}
	EndGlobalSection
EndGlobal
